// !$*UTF8*$!
{
	archiveVersion = 1;
	classes = {
	};
	objectVersion = 50;
	objects = {

/* Begin PBXBuildFile section */
		8D7C0F97247F5D9E00CE1518 /* AppDelegate.swift in Sources */ = {isa = PBXBuildFile; fileRef = 8D7C0F96247F5D9E00CE1518 /* AppDelegate.swift */; };
		8D7C0F99247F5D9E00CE1518 /* SceneDelegate.swift in Sources */ = {isa = PBXBuildFile; fileRef = 8D7C0F98247F5D9E00CE1518 /* SceneDelegate.swift */; };
		8D7C0F9B247F5D9E00CE1518 /* ViewController.swift in Sources */ = {isa = PBXBuildFile; fileRef = 8D7C0F9A247F5D9E00CE1518 /* ViewController.swift */; };
		8D7C0F9E247F5D9F00CE1518 /* Main.storyboard in Resources */ = {isa = PBXBuildFile; fileRef = 8D7C0F9C247F5D9F00CE1518 /* Main.storyboard */; };
		8D7C0FA0247F5DA000CE1518 /* Assets.xcassets in Resources */ = {isa = PBXBuildFile; fileRef = 8D7C0F9F247F5DA000CE1518 /* Assets.xcassets */; };
		8D7C0FA3247F5DA000CE1518 /* LaunchScreen.storyboard in Resources */ = {isa = PBXBuildFile; fileRef = 8D7C0FA1247F5DA000CE1518 /* LaunchScreen.storyboard */; };
		8D7C0FAB247F5E8D00CE1518 /* StoryCellCollectionViewCell.swift in Sources */ = {isa = PBXBuildFile; fileRef = 8D7C0FAA247F5E8C00CE1518 /* StoryCellCollectionViewCell.swift */; };
		8D7C0FAF247F708500CE1518 /* AvatarImageView.swift in Sources */ = {isa = PBXBuildFile; fileRef = 8D7C0FAE247F708500CE1518 /* AvatarImageView.swift */; };
		8D7C0FB1247F75FC00CE1518 /* NewStoryCollectionViewCell.swift in Sources */ = {isa = PBXBuildFile; fileRef = 8D7C0FB0247F75FC00CE1518 /* NewStoryCollectionViewCell.swift */; };
		8D82191324865B0100462B7C /* StoryCollectionViewCell.swift in Sources */ = {isa = PBXBuildFile; fileRef = 8D82191224865B0100462B7C /* StoryCollectionViewCell.swift */; };
		8DA667A72480C124003507F8 /* NewsfeedCollectionViewCell.swift in Sources */ = {isa = PBXBuildFile; fileRef = 8DA667A52480C124003507F8 /* NewsfeedCollectionViewCell.swift */; };
		8DA667A82480C124003507F8 /* NewsfeedCollectionViewCell.xib in Resources */ = {isa = PBXBuildFile; fileRef = 8DA667A62480C124003507F8 /* NewsfeedCollectionViewCell.xib */; };
/* End PBXBuildFile section */

/* Begin PBXFileReference section */
		8D7C0F93247F5D9E00CE1518 /* FacebookNewsfeedReplicate.app */ = {isa = PBXFileReference; explicitFileType = wrapper.application; includeInIndex = 0; path = FacebookNewsfeedReplicate.app; sourceTree = BUILT_PRODUCTS_DIR; };
		8D7C0F96247F5D9E00CE1518 /* AppDelegate.swift */ = {isa = PBXFileReference; lastKnownFileType = sourcecode.swift; path = AppDelegate.swift; sourceTree = "<group>"; };
		8D7C0F98247F5D9E00CE1518 /* SceneDelegate.swift */ = {isa = PBXFileReference; lastKnownFileType = sourcecode.swift; path = SceneDelegate.swift; sourceTree = "<group>"; };
		8D7C0F9A247F5D9E00CE1518 /* ViewController.swift */ = {isa = PBXFileReference; lastKnownFileType = sourcecode.swift; path = ViewController.swift; sourceTree = "<group>"; };
		8D7C0F9D247F5D9F00CE1518 /* Base */ = {isa = PBXFileReference; lastKnownFileType = file.storyboard; name = Base; path = Base.lproj/Main.storyboard; sourceTree = "<group>"; };
		8D7C0F9F247F5DA000CE1518 /* Assets.xcassets */ = {isa = PBXFileReference; lastKnownFileType = folder.assetcatalog; path = Assets.xcassets; sourceTree = "<group>"; };
		8D7C0FA2247F5DA000CE1518 /* Base */ = {isa = PBXFileReference; lastKnownFileType = file.storyboard; name = Base; path = Base.lproj/LaunchScreen.storyboard; sourceTree = "<group>"; };
		8D7C0FA4247F5DA000CE1518 /* Info.plist */ = {isa = PBXFileReference; lastKnownFileType = text.plist.xml; path = Info.plist; sourceTree = "<group>"; };
		8D7C0FAA247F5E8C00CE1518 /* StoryCellCollectionViewCell.swift */ = {isa = PBXFileReference; lastKnownFileType = sourcecode.swift; path = StoryCellCollectionViewCell.swift; sourceTree = "<group>"; };
		8D7C0FAE247F708500CE1518 /* AvatarImageView.swift */ = {isa = PBXFileReference; lastKnownFileType = sourcecode.swift; path = AvatarImageView.swift; sourceTree = "<group>"; };
		8D7C0FB0247F75FC00CE1518 /* NewStoryCollectionViewCell.swift */ = {isa = PBXFileReference; lastKnownFileType = sourcecode.swift; path = NewStoryCollectionViewCell.swift; sourceTree = "<group>"; };
		8D82191224865B0100462B7C /* StoryCollectionViewCell.swift */ = {isa = PBXFileReference; lastKnownFileType = sourcecode.swift; path = StoryCollectionViewCell.swift; sourceTree = "<group>"; };
		8DA667A52480C124003507F8 /* NewsfeedCollectionViewCell.swift */ = {isa = PBXFileReference; lastKnownFileType = sourcecode.swift; path = NewsfeedCollectionViewCell.swift; sourceTree = "<group>"; };
		8DA667A62480C124003507F8 /* NewsfeedCollectionViewCell.xib */ = {isa = PBXFileReference; lastKnownFileType = file.xib; path = NewsfeedCollectionViewCell.xib; sourceTree = "<group>"; };
/* End PBXFileReference section */

/* Begin PBXFrameworksBuildPhase section */
		8D7C0F90247F5D9E00CE1518 /* Frameworks */ = {
			isa = PBXFrameworksBuildPhase;
			buildActionMask = 2147483647;
			files = (
			);
			runOnlyForDeploymentPostprocessing = 0;
		};
/* End PBXFrameworksBuildPhase section */

/* Begin PBXGroup section */
		8D7C0F8A247F5D9E00CE1518 = {
			isa = PBXGroup;
			children = (
				8D7C0F95247F5D9E00CE1518 /* FacebookNewsfeedReplicate */,
				8D7C0F94247F5D9E00CE1518 /* Products */,
			);
			sourceTree = "<group>";
		};
		8D7C0F94247F5D9E00CE1518 /* Products */ = {
			isa = PBXGroup;
			children = (
				8D7C0F93247F5D9E00CE1518 /* FacebookNewsfeedReplicate.app */,
			);
			name = Products;
			sourceTree = "<group>";
		};
		8D7C0F95247F5D9E00CE1518 /* FacebookNewsfeedReplicate */ = {
			isa = PBXGroup;
			children = (
				8D7C0F96247F5D9E00CE1518 /* AppDelegate.swift */,
				8D7C0F98247F5D9E00CE1518 /* SceneDelegate.swift */,
				8D7C0F9A247F5D9E00CE1518 /* ViewController.swift */,
				8D82191224865B0100462B7C /* StoryCollectionViewCell.swift */,
				8D7C0FAA247F5E8C00CE1518 /* StoryCellCollectionViewCell.swift */,
				8D7C0FB0247F75FC00CE1518 /* NewStoryCollectionViewCell.swift */,
				8DA667A52480C124003507F8 /* NewsfeedCollectionViewCell.swift */,
				8DA667A62480C124003507F8 /* NewsfeedCollectionViewCell.xib */,
				8D7C0FAE247F708500CE1518 /* AvatarImageView.swift */,
				8D7C0F9C247F5D9F00CE1518 /* Main.storyboard */,
				8D7C0F9F247F5DA000CE1518 /* Assets.xcassets */,
				8D7C0FA1247F5DA000CE1518 /* LaunchScreen.storyboard */,
				8D7C0FA4247F5DA000CE1518 /* Info.plist */,
			);
			path = FacebookNewsfeedReplicate;
			sourceTree = "<group>";
		};
/* End PBXGroup section */

/* Begin PBXNativeTarget section */
		8D7C0F92247F5D9E00CE1518 /* FacebookNewsfeedReplicate */ = {
			isa = PBXNativeTarget;
			buildConfigurationList = 8D7C0FA7247F5DA000CE1518 /* Build configuration list for PBXNativeTarget "FacebookNewsfeedReplicate" */;
			buildPhases = (
				8D7C0F8F247F5D9E00CE1518 /* Sources */,
				8D7C0F90247F5D9E00CE1518 /* Frameworks */,
				8D7C0F91247F5D9E00CE1518 /* Resources */,
			);
			buildRules = (
			);
			dependencies = (
			);
			name = FacebookNewsfeedReplicate;
			productName = FacebookNewsfeedReplicate;
			productReference = 8D7C0F93247F5D9E00CE1518 /* FacebookNewsfeedReplicate.app */;
			productType = "com.apple.product-type.application";
		};
/* End PBXNativeTarget section */

/* Begin PBXProject section */
		8D7C0F8B247F5D9E00CE1518 /* Project object */ = {
			isa = PBXProject;
			attributes = {
				LastSwiftUpdateCheck = 1150;
				LastUpgradeCheck = 1150;
				ORGANIZATIONNAME = MM;
				TargetAttributes = {
					8D7C0F92247F5D9E00CE1518 = {
						CreatedOnToolsVersion = 11.5;
					};
				};
			};
			buildConfigurationList = 8D7C0F8E247F5D9E00CE1518 /* Build configuration list for PBXProject "FacebookNewsfeedReplicate" */;
			compatibilityVersion = "Xcode 9.3";
			developmentRegion = en;
			hasScannedForEncodings = 0;
			knownRegions = (
				en,
				Base,
			);
			mainGroup = 8D7C0F8A247F5D9E00CE1518;
			productRefGroup = 8D7C0F94247F5D9E00CE1518 /* Products */;
			projectDirPath = "";
			projectRoot = "";
			targets = (
				8D7C0F92247F5D9E00CE1518 /* FacebookNewsfeedReplicate */,
			);
		};
/* End PBXProject section */

/* Begin PBXResourcesBuildPhase section */
		8D7C0F91247F5D9E00CE1518 /* Resources */ = {
			isa = PBXResourcesBuildPhase;
			buildActionMask = 2147483647;
			files = (
				8D7C0FA3247F5DA000CE1518 /* LaunchScreen.storyboard in Resources */,
				8D7C0FA0247F5DA000CE1518 /* Assets.xcassets in Resources */,
				8D7C0F9E247F5D9F00CE1518 /* Main.storyboard in Resources */,
				8DA667A82480C124003507F8 /* NewsfeedCollectionViewCell.xib in Resources */,
			);
			runOnlyForDeploymentPostprocessing = 0;
		};
/* End PBXResourcesBuildPhase section */

/* Begin PBXSourcesBuildPhase section */
		8D7C0F8F247F5D9E00CE1518 /* Sources */ = {
			isa = PBXSourcesBuildPhase;
			buildActionMask = 2147483647;
			files = (
				8D82191324865B0100462B7C /* StoryCollectionViewCell.swift in Sources */,
				8D7C0FAB247F5E8D00CE1518 /* StoryCellCollectionViewCell.swift in Sources */,
				8D7C0F9B247F5D9E00CE1518 /* ViewController.swift in Sources */,
				8D7C0FAF247F708500CE1518 /* AvatarImageView.swift in Sources */,
				8D7C0FB1247F75FC00CE1518 /* NewStoryCollectionViewCell.swift in Sources */,
				8DA667A72480C124003507F8 /* NewsfeedCollectionViewCell.swift in Sources */,
				8D7C0F97247F5D9E00CE1518 /* AppDelegate.swift in Sources */,
				8D7C0F99247F5D9E00CE1518 /* SceneDelegate.swift in Sources */,
			);
			runOnlyForDeploymentPostprocessing = 0;
		};
/* End PBXSourcesBuildPhase section */

/* Begin PBXVariantGroup section */
		8D7C0F9C247F5D9F00CE1518 /* Main.storyboard */ = {
			isa = PBXVariantGroup;
			children = (
				8D7C0F9D247F5D9F00CE1518 /* Base */,
			);
			name = Main.storyboard;
			sourceTree = "<group>";
		};
		8D7C0FA1247F5DA000CE1518 /* LaunchScreen.storyboard */ = {
			isa = PBXVariantGroup;
			children = (
				8D7C0FA2247F5DA000CE1518 /* Base */,
			);
			name = LaunchScreen.storyboard;
			sourceTree = "<group>";
		};
/* End PBXVariantGroup section */

/* Begin XCBuildConfiguration section */
		8D7C0FA5247F5DA000CE1518 /* Debug */ = {
			isa = XCBuildConfiguration;
			buildSettings = {
				ALWAYS_SEARCH_USER_PATHS = NO;
				CLANG_ANALYZER_NONNULL = YES;
				CLANG_ANALYZER_NUMBER_OBJECT_CONVERSION = YES_AGGRESSIVE;
				CLANG_CXX_LANGUAGE_STANDARD = "gnu++14";
				CLANG_CXX_LIBRARY = "libc++";
				CLANG_ENABLE_MODULES = YES;
				CLANG_ENABLE_OBJC_ARC = YES;
				CLANG_ENABLE_OBJC_WEAK = YES;
				CLANG_WARN_BLOCK_CAPTURE_AUTORELEASING = YES;
				CLANG_WARN_BOOL_CONVERSION = YES;
				CLANG_WARN_COMMA = YES;
				CLANG_WARN_CONSTANT_CONVERSION = YES;
				CLANG_WARN_DEPRECATED_OBJC_IMPLEMENTATIONS = YES;
				CLANG_WARN_DIRECT_OBJC_ISA_USAGE = YES_ERROR;
				CLANG_WARN_DOCUMENTATION_COMMENTS = YES;
				CLANG_WARN_EMPTY_BODY = YES;
				CLANG_WARN_ENUM_CONVERSION = YES;
				CLANG_WARN_INFINITE_RECURSION = YES;
				CLANG_WARN_INT_CONVERSION = YES;
				CLANG_WARN_NON_LITERAL_NULL_CONVERSION = YES;
				CLANG_WARN_OBJC_IMPLICIT_RETAIN_SELF = YES;
				CLANG_WARN_OBJC_LITERAL_CONVERSION = YES;
				CLANG_WARN_OBJC_ROOT_CLASS = YES_ERROR;
				CLANG_WARN_RANGE_LOOP_ANALYSIS = YES;
				CLANG_WARN_STRICT_PROTOTYPES = YES;
				CLANG_WARN_SUSPICIOUS_MOVE = YES;
				CLANG_WARN_UNGUARDED_AVAILABILITY = YES_AGGRESSIVE;
				CLANG_WARN_UNREACHABLE_CODE = YES;
				CLANG_WARN__DUPLICATE_METHOD_MATCH = YES;
				COPY_PHASE_STRIP = NO;
				DEBUG_INFORMATION_FORMAT = dwarf;
				ENABLE_STRICT_OBJC_MSGSEND = YES;
				ENABLE_TESTABILITY = YES;
				GCC_C_LANGUAGE_STANDARD = gnu11;
				GCC_DYNAMIC_NO_PIC = NO;
				GCC_NO_COMMON_BLOCKS = YES;
				GCC_OPTIMIZATION_LEVEL = 0;
				GCC_PREPROCESSOR_DEFINITIONS = (
					"DEBUG=1",
					"$(inherited)",
				);
				GCC_WARN_64_TO_32_BIT_CONVERSION = YES;
				GCC_WARN_ABOUT_RETURN_TYPE = YES_ERROR;
				GCC_WARN_UNDECLARED_SELECTOR = YES;
				GCC_WARN_UNINITIALIZED_AUTOS = YES_AGGRESSIVE;
				GCC_WARN_UNUSED_FUNCTION = YES;
				GCC_WARN_UNUSED_VARIABLE = YES;
				IPHONEOS_DEPLOYMENT_TARGET = 13.5;
				MTL_ENABLE_DEBUG_INFO = INCLUDE_SOURCE;
				MTL_FAST_MATH = YES;
				ONLY_ACTIVE_ARCH = YES;
				SDKROOT = iphoneos;
				SWIFT_ACTIVE_COMPILATION_CONDITIONS = DEBUG;
				SWIFT_OPTIMIZATION_LEVEL = "-Onone";
			};
			name = Debug;
		};
		8D7C0FA6247F5DA000CE1518 /* Release */ = {
			isa = XCBuildConfiguration;
			buildSettings = {
				ALWAYS_SEARCH_USER_PATHS = NO;
				CLANG_ANALYZER_NONNULL = YES;
				CLANG_ANALYZER_NUMBER_OBJECT_CONVERSION = YES_AGGRESSIVE;
				CLANG_CXX_LANGUAGE_STANDARD = "gnu++14";
				CLANG_CXX_LIBRARY = "libc++";
				CLANG_ENABLE_MODULES = YES;
				CLANG_ENABLE_OBJC_ARC = YES;
				CLANG_ENABLE_OBJC_WEAK = YES;
				CLANG_WARN_BLOCK_CAPTURE_AUTORELEASING = YES;
				CLANG_WARN_BOOL_CONVERSION = YES;
				CLANG_WARN_COMMA = YES;
				CLANG_WARN_CONSTANT_CONVERSION = YES;
				CLANG_WARN_DEPRECATED_OBJC_IMPLEMENTATIONS = YES;
				CLANG_WARN_DIRECT_OBJC_ISA_USAGE = YES_ERROR;
				CLANG_WARN_DOCUMENTATION_COMMENTS = YES;
				CLANG_WARN_EMPTY_BODY = YES;
				CLANG_WARN_ENUM_CONVERSION = YES;
				CLANG_WARN_INFINITE_RECURSION = YES;
				CLANG_WARN_INT_CONVERSION = YES;
				CLANG_WARN_NON_LITERAL_NULL_CONVERSION = YES;
				CLANG_WARN_OBJC_IMPLICIT_RETAIN_SELF = YES;
				CLANG_WARN_OBJC_LITERAL_CONVERSION = YES;
				CLANG_WARN_OBJC_ROOT_CLASS = YES_ERROR;
				CLANG_WARN_RANGE_LOOP_ANALYSIS = YES;
				CLANG_WARN_STRICT_PROTOTYPES = YES;
				CLANG_WARN_SUSPICIOUS_MOVE = YES;
				CLANG_WARN_UNGUARDED_AVAILABILITY = YES_AGGRESSIVE;
				CLANG_WARN_UNREACHABLE_CODE = YES;
				CLANG_WARN__DUPLICATE_METHOD_MATCH = YES;
				COPY_PHASE_STRIP = NO;
				DEBUG_INFORMATION_FORMAT = "dwarf-with-dsym";
				ENABLE_NS_ASSERTIONS = NO;
				ENABLE_STRICT_OBJC_MSGSEND = YES;
				GCC_C_LANGUAGE_STANDARD = gnu11;
				GCC_NO_COMMON_BLOCKS = YES;
				GCC_WARN_64_TO_32_BIT_CONVERSION = YES;
				GCC_WARN_ABOUT_RETURN_TYPE = YES_ERROR;
				GCC_WARN_UNDECLARED_SELECTOR = YES;
				GCC_WARN_UNINITIALIZED_AUTOS = YES_AGGRESSIVE;
				GCC_WARN_UNUSED_FUNCTION = YES;
				GCC_WARN_UNUSED_VARIABLE = YES;
				IPHONEOS_DEPLOYMENT_TARGET = 13.5;
				MTL_ENABLE_DEBUG_INFO = NO;
				MTL_FAST_MATH = YES;
				SDKROOT = iphoneos;
				SWIFT_COMPILATION_MODE = wholemodule;
				SWIFT_OPTIMIZATION_LEVEL = "-O";
				VALIDATE_PRODUCT = YES;
			};
			name = Release;
		};
		8D7C0FA8247F5DA000CE1518 /* Debug */ = {
			isa = XCBuildConfiguration;
			buildSettings = {
				ASSETCATALOG_COMPILER_APPICON_NAME = AppIcon;
				CODE_SIGN_STYLE = Automatic;
				DEVELOPMENT_TEAM = L334R88X2F;
				INFOPLIST_FILE = FacebookNewsfeedReplicate/Info.plist;
				IPHONEOS_DEPLOYMENT_TARGET = 13.3;
				LD_RUNPATH_SEARCH_PATHS = (
					"$(inherited)",
					"@executable_path/Frameworks",
				);
				PRODUCT_BUNDLE_IDENTIFIER = com.nguyenvietmy.FacebookNewsfeedReplicate;
				PRODUCT_NAME = "$(TARGET_NAME)";
				SWIFT_VERSION = 5.0;
				TARGETED_DEVICE_FAMILY = "1,2";
			};
			name = Debug;
		};
		8D7C0FA9247F5DA000CE1518 /* Release */ = {
			isa = XCBuildConfiguration;
			buildSettings = {
				ASSETCATALOG_COMPILER_APPICON_NAME = AppIcon;
				CODE_SIGN_STYLE = Automatic;
				DEVELOPMENT_TEAM = L334R88X2F;
				INFOPLIST_FILE = FacebookNewsfeedReplicate/Info.plist;
				IPHONEOS_DEPLOYMENT_TARGET = 13.3;
				LD_RUNPATH_SEARCH_PATHS = (
					"$(inherited)",
					"@executable_path/Frameworks",
				);
				PRODUCT_BUNDLE_IDENTIFIER = com.nguyenvietmy.FacebookNewsfeedReplicate;
				PRODUCT_NAME = "$(TARGET_NAME)";
				SWIFT_VERSION = 5.0;
				TARGETED_DEVICE_FAMILY = "1,2";
			};
			name = Release;
		};
/* End XCBuildConfiguration section */

/* Begin XCConfigurationList section */
		8D7C0F8E247F5D9E00CE1518 /* Build configuration list for PBXProject "FacebookNewsfeedReplicate" */ = {
			isa = XCConfigurationList;
			buildConfigurations = (
				8D7C0FA5247F5DA000CE1518 /* Debug */,
				8D7C0FA6247F5DA000CE1518 /* Release */,
			);
			defaultConfigurationIsVisible = 0;
			defaultConfigurationName = Release;
		};
		8D7C0FA7247F5DA000CE1518 /* Build configuration list for PBXNativeTarget "FacebookNewsfeedReplicate" */ = {
			isa = XCConfigurationList;
			buildConfigurations = (
				8D7C0FA8247F5DA000CE1518 /* Debug */,
				8D7C0FA9247F5DA000CE1518 /* Release */,
			);
			defaultConfigurationIsVisible = 0;
			defaultConfigurationName = Release;
		};
/* End XCConfigurationList section */
	};
	rootObject = 8D7C0F8B247F5D9E00CE1518 /* Project object */;
}
